
Microsoft Visual Studio Solution File, Format Version 12.00
# Visual Studio Version 17
VisualStudioVersion = 17.13.35818.85
MinimumVisualStudioVersion = 10.0.40219.1
Project("{FAE04EC0-301F-11D3-BF4B-00C04F79EFBC}") = "sklep v2", "sklep v2.csproj", "{60203192-DEC7-4CE9-AAF5-20C198987295}"
EndProject
Global
	GlobalSection(SolutionConfigurationPlatforms) = preSolution
		Debug|Any CPU = Debug|Any CPU
		Release|Any CPU = Release|Any CPU
	EndGlobalSection
	GlobalSection(ProjectConfigurationPlatforms) = postSolution
		{60203192-DEC7-4CE9-AAF5-20C198987295}.Debug|Any CPU.ActiveCfg = Release|Any CPU
		{60203192-DEC7-4CE9-AAF5-20C198987295}.Debug|Any CPU.Build.0 = Release|Any CPU
		{60203192-DEC7-4CE9-AAF5-20C198987295}.Release|Any CPU.ActiveCfg = Release|Any CPU
		{60203192-DEC7-4CE9-AAF5-20C198987295}.Release|Any CPU.Build.0 = Release|Any CPU
	EndGlobalSection
	GlobalSection(SolutionProperties) = preSolution
		HideSolutionNode = FALSE
	EndGlobalSection
	GlobalSection(ExtensibilityGlobals) = postSolution
		SolutionGuid = {106A0FC2-6C2B-4B73-80AA-BE443EB6FA30}
	EndGlobalSection
EndGlobal
